// !$*UTF8*$!
{
	archiveVersion = 1;
	classes = {
	};
	objectVersion = 55;
	objects = {

/* Begin PBXBuildFile section */
		C20F038F28371D8500CE4E9B /* AppDelegate.swift in Sources */ = {isa = PBXBuildFile; fileRef = C20F038E28371D8500CE4E9B /* AppDelegate.swift */; };
		C20F039128371D8500CE4E9B /* SceneDelegate.swift in Sources */ = {isa = PBXBuildFile; fileRef = C20F039028371D8500CE4E9B /* SceneDelegate.swift */; };
		C20F039328371D8500CE4E9B /* ViewController.swift in Sources */ = {isa = PBXBuildFile; fileRef = C20F039228371D8500CE4E9B /* ViewController.swift */; };
		C20F039628371D8500CE4E9B /* Main.storyboard in Resources */ = {isa = PBXBuildFile; fileRef = C20F039428371D8500CE4E9B /* Main.storyboard */; };
		C20F039928371D8500CE4E9B /* CoreDataThings.xcdatamodeld in Sources */ = {isa = PBXBuildFile; fileRef = C20F039728371D8500CE4E9B /* CoreDataThings.xcdatamodeld */; };
		C20F039B28371D8600CE4E9B /* Assets.xcassets in Resources */ = {isa = PBXBuildFile; fileRef = C20F039A28371D8600CE4E9B /* Assets.xcassets */; };
		C20F039E28371D8600CE4E9B /* LaunchScreen.storyboard in Resources */ = {isa = PBXBuildFile; fileRef = C20F039C28371D8600CE4E9B /* LaunchScreen.storyboard */; };
		C20F03A928371D8600CE4E9B /* CoreDataThingsTests.swift in Sources */ = {isa = PBXBuildFile; fileRef = C20F03A828371D8600CE4E9B /* CoreDataThingsTests.swift */; };
		C20F03B328371D8600CE4E9B /* CoreDataThingsUITests.swift in Sources */ = {isa = PBXBuildFile; fileRef = C20F03B228371D8600CE4E9B /* CoreDataThingsUITests.swift */; };
		C20F03B528371D8600CE4E9B /* CoreDataThingsUITestsLaunchTests.swift in Sources */ = {isa = PBXBuildFile; fileRef = C20F03B428371D8600CE4E9B /* CoreDataThingsUITestsLaunchTests.swift */; };
/* End PBXBuildFile section */

/* Begin PBXContainerItemProxy section */
		C20F03A528371D8600CE4E9B /* PBXContainerItemProxy */ = {
			isa = PBXContainerItemProxy;
			containerPortal = C20F038328371D8500CE4E9B /* Project object */;
			proxyType = 1;
			remoteGlobalIDString = C20F038A28371D8500CE4E9B;
			remoteInfo = CoreDataThings;
		};
		C20F03AF28371D8600CE4E9B /* PBXContainerItemProxy */ = {
			isa = PBXContainerItemProxy;
			containerPortal = C20F038328371D8500CE4E9B /* Project object */;
			proxyType = 1;
			remoteGlobalIDString = C20F038A28371D8500CE4E9B;
			remoteInfo = CoreDataThings;
		};
/* End PBXContainerItemProxy section */

/* Begin PBXFileReference section */
		C20F038B28371D8500CE4E9B /* CoreDataThings.app */ = {isa = PBXFileReference; explicitFileType = wrapper.application; includeInIndex = 0; path = CoreDataThings.app; sourceTree = BUILT_PRODUCTS_DIR; };
		C20F038E28371D8500CE4E9B /* AppDelegate.swift */ = {isa = PBXFileReference; lastKnownFileType = sourcecode.swift; path = AppDelegate.swift; sourceTree = "<group>"; };
		C20F039028371D8500CE4E9B /* SceneDelegate.swift */ = {isa = PBXFileReference; lastKnownFileType = sourcecode.swift; path = SceneDelegate.swift; sourceTree = "<group>"; };
		C20F039228371D8500CE4E9B /* ViewController.swift */ = {isa = PBXFileReference; lastKnownFileType = sourcecode.swift; path = ViewController.swift; sourceTree = "<group>"; };
		C20F039528371D8500CE4E9B /* Base */ = {isa = PBXFileReference; lastKnownFileType = file.storyboard; name = Base; path = Base.lproj/Main.storyboard; sourceTree = "<group>"; };
		C20F039828371D8500CE4E9B /* CoreDataThings.xcdatamodel */ = {isa = PBXFileReference; lastKnownFileType = wrapper.xcdatamodel; path = CoreDataThings.xcdatamodel; sourceTree = "<group>"; };
		C20F039A28371D8600CE4E9B /* Assets.xcassets */ = {isa = PBXFileReference; lastKnownFileType = folder.assetcatalog; path = Assets.xcassets; sourceTree = "<group>"; };
		C20F039D28371D8600CE4E9B /* Base */ = {isa = PBXFileReference; lastKnownFileType = file.storyboard; name = Base; path = Base.lproj/LaunchScreen.storyboard; sourceTree = "<group>"; };
		C20F039F28371D8600CE4E9B /* Info.plist */ = {isa = PBXFileReference; lastKnownFileType = text.plist.xml; path = Info.plist; sourceTree = "<group>"; };
		C20F03A428371D8600CE4E9B /* CoreDataThingsTests.xctest */ = {isa = PBXFileReference; explicitFileType = wrapper.cfbundle; includeInIndex = 0; path = CoreDataThingsTests.xctest; sourceTree = BUILT_PRODUCTS_DIR; };
		C20F03A828371D8600CE4E9B /* CoreDataThingsTests.swift */ = {isa = PBXFileReference; lastKnownFileType = sourcecode.swift; path = CoreDataThingsTests.swift; sourceTree = "<group>"; };
		C20F03AE28371D8600CE4E9B /* CoreDataThingsUITests.xctest */ = {isa = PBXFileReference; explicitFileType = wrapper.cfbundle; includeInIndex = 0; path = CoreDataThingsUITests.xctest; sourceTree = BUILT_PRODUCTS_DIR; };
		C20F03B228371D8600CE4E9B /* CoreDataThingsUITests.swift */ = {isa = PBXFileReference; lastKnownFileType = sourcecode.swift; path = CoreDataThingsUITests.swift; sourceTree = "<group>"; };
		C20F03B428371D8600CE4E9B /* CoreDataThingsUITestsLaunchTests.swift */ = {isa = PBXFileReference; lastKnownFileType = sourcecode.swift; path = CoreDataThingsUITestsLaunchTests.swift; sourceTree = "<group>"; };
/* End PBXFileReference section */

/* Begin PBXFrameworksBuildPhase section */
		C20F038828371D8500CE4E9B /* Frameworks */ = {
			isa = PBXFrameworksBuildPhase;
			buildActionMask = 2147483647;
			files = (
			);
			runOnlyForDeploymentPostprocessing = 0;
		};
		C20F03A128371D8600CE4E9B /* Frameworks */ = {
			isa = PBXFrameworksBuildPhase;
			buildActionMask = 2147483647;
			files = (
			);
			runOnlyForDeploymentPostprocessing = 0;
		};
		C20F03AB28371D8600CE4E9B /* Frameworks */ = {
			isa = PBXFrameworksBuildPhase;
			buildActionMask = 2147483647;
			files = (
			);
			runOnlyForDeploymentPostprocessing = 0;
		};
/* End PBXFrameworksBuildPhase section */

/* Begin PBXGroup section */
		C20F038228371D8500CE4E9B = {
			isa = PBXGroup;
			children = (
				C20F038D28371D8500CE4E9B /* CoreDataThings */,
				C20F03A728371D8600CE4E9B /* CoreDataThingsTests */,
				C20F03B128371D8600CE4E9B /* CoreDataThingsUITests */,
				C20F038C28371D8500CE4E9B /* Products */,
			);
			sourceTree = "<group>";
		};
		C20F038C28371D8500CE4E9B /* Products */ = {
			isa = PBXGroup;
			children = (
				C20F038B28371D8500CE4E9B /* CoreDataThings.app */,
				C20F03A428371D8600CE4E9B /* CoreDataThingsTests.xctest */,
				C20F03AE28371D8600CE4E9B /* CoreDataThingsUITests.xctest */,
			);
			name = Products;
			sourceTree = "<group>";
		};
		C20F038D28371D8500CE4E9B /* CoreDataThings */ = {
			isa = PBXGroup;
			children = (
				C20F038E28371D8500CE4E9B /* AppDelegate.swift */,
				C20F039028371D8500CE4E9B /* SceneDelegate.swift */,
				C20F039228371D8500CE4E9B /* ViewController.swift */,
				C20F039428371D8500CE4E9B /* Main.storyboard */,
				C20F039A28371D8600CE4E9B /* Assets.xcassets */,
				C20F039C28371D8600CE4E9B /* LaunchScreen.storyboard */,
				C20F039F28371D8600CE4E9B /* Info.plist */,
				C20F039728371D8500CE4E9B /* CoreDataThings.xcdatamodeld */,
			);
			path = CoreDataThings;
			sourceTree = "<group>";
		};
		C20F03A728371D8600CE4E9B /* CoreDataThingsTests */ = {
			isa = PBXGroup;
			children = (
				C20F03A828371D8600CE4E9B /* CoreDataThingsTests.swift */,
			);
			path = CoreDataThingsTests;
			sourceTree = "<group>";
		};
		C20F03B128371D8600CE4E9B /* CoreDataThingsUITests */ = {
			isa = PBXGroup;
			children = (
				C20F03B228371D8600CE4E9B /* CoreDataThingsUITests.swift */,
				C20F03B428371D8600CE4E9B /* CoreDataThingsUITestsLaunchTests.swift */,
			);
			path = CoreDataThingsUITests;
			sourceTree = "<group>";
		};
/* End PBXGroup section */

/* Begin PBXNativeTarget section */
		C20F038A28371D8500CE4E9B /* CoreDataThings */ = {
			isa = PBXNativeTarget;
			buildConfigurationList = C20F03B828371D8600CE4E9B /* Build configuration list for PBXNativeTarget "CoreDataThings" */;
			buildPhases = (
				C20F038728371D8500CE4E9B /* Sources */,
				C20F038828371D8500CE4E9B /* Frameworks */,
				C20F038928371D8500CE4E9B /* Resources */,
			);
			buildRules = (
			);
			dependencies = (
			);
			name = CoreDataThings;
			productName = CoreDataThings;
			productReference = C20F038B28371D8500CE4E9B /* CoreDataThings.app */;
			productType = "com.apple.product-type.application";
		};
		C20F03A328371D8600CE4E9B /* CoreDataThingsTests */ = {
			isa = PBXNativeTarget;
			buildConfigurationList = C20F03BB28371D8600CE4E9B /* Build configuration list for PBXNativeTarget "CoreDataThingsTests" */;
			buildPhases = (
				C20F03A028371D8600CE4E9B /* Sources */,
				C20F03A128371D8600CE4E9B /* Frameworks */,
				C20F03A228371D8600CE4E9B /* Resources */,
			);
			buildRules = (
			);
			dependencies = (
				C20F03A628371D8600CE4E9B /* PBXTargetDependency */,
			);
			name = CoreDataThingsTests;
			productName = CoreDataThingsTests;
			productReference = C20F03A428371D8600CE4E9B /* CoreDataThingsTests.xctest */;
			productType = "com.apple.product-type.bundle.unit-test";
		};
		C20F03AD28371D8600CE4E9B /* CoreDataThingsUITests */ = {
			isa = PBXNativeTarget;
			buildConfigurationList = C20F03BE28371D8600CE4E9B /* Build configuration list for PBXNativeTarget "CoreDataThingsUITests" */;
			buildPhases = (
				C20F03AA28371D8600CE4E9B /* Sources */,
				C20F03AB28371D8600CE4E9B /* Frameworks */,
				C20F03AC28371D8600CE4E9B /* Resources */,
			);
			buildRules = (
			);
			dependencies = (
				C20F03B028371D8600CE4E9B /* PBXTargetDependency */,
			);
			name = CoreDataThingsUITests;
			productName = CoreDataThingsUITests;
			productReference = C20F03AE28371D8600CE4E9B /* CoreDataThingsUITests.xctest */;
			productType = "com.apple.product-type.bundle.ui-testing";
		};
/* End PBXNativeTarget section */

/* Begin PBXProject section */
		C20F038328371D8500CE4E9B /* Project object */ = {
			isa = PBXProject;
			attributes = {
				BuildIndependentTargetsInParallel = 1;
				LastSwiftUpdateCheck = 1330;
				LastUpgradeCheck = 1330;
				TargetAttributes = {
					C20F038A28371D8500CE4E9B = {
						CreatedOnToolsVersion = 13.3;
					};
					C20F03A328371D8600CE4E9B = {
						CreatedOnToolsVersion = 13.3;
						TestTargetID = C20F038A28371D8500CE4E9B;
					};
					C20F03AD28371D8600CE4E9B = {
						CreatedOnToolsVersion = 13.3;
						TestTargetID = C20F038A28371D8500CE4E9B;
					};
				};
			};
			buildConfigurationList = C20F038628371D8500CE4E9B /* Build configuration list for PBXProject "CoreDataThings" */;
			compatibilityVersion = "Xcode 13.0";
			developmentRegion = en;
			hasScannedForEncodings = 0;
			knownRegions = (
				en,
				Base,
			);
			mainGroup = C20F038228371D8500CE4E9B;
			productRefGroup = C20F038C28371D8500CE4E9B /* Products */;
			projectDirPath = "";
			projectRoot = "";
			targets = (
				C20F038A28371D8500CE4E9B /* CoreDataThings */,
				C20F03A328371D8600CE4E9B /* CoreDataThingsTests */,
				C20F03AD28371D8600CE4E9B /* CoreDataThingsUITests */,
			);
		};
/* End PBXProject section */

/* Begin PBXResourcesBuildPhase section */
		C20F038928371D8500CE4E9B /* Resources */ = {
			isa = PBXResourcesBuildPhase;
			buildActionMask = 2147483647;
			files = (
				C20F039E28371D8600CE4E9B /* LaunchScreen.storyboard in Resources */,
				C20F039B28371D8600CE4E9B /* Assets.xcassets in Resources */,
				C20F039628371D8500CE4E9B /* Main.storyboard in Resources */,
			);
			runOnlyForDeploymentPostprocessing = 0;
		};
		C20F03A228371D8600CE4E9B /* Resources */ = {
			isa = PBXResourcesBuildPhase;
			buildActionMask = 2147483647;
			files = (
			);
			runOnlyForDeploymentPostprocessing = 0;
		};
		C20F03AC28371D8600CE4E9B /* Resources */ = {
			isa = PBXResourcesBuildPhase;
			buildActionMask = 2147483647;
			files = (
			);
			runOnlyForDeploymentPostprocessing = 0;
		};
/* End PBXResourcesBuildPhase section */

/* Begin PBXSourcesBuildPhase section */
		C20F038728371D8500CE4E9B /* Sources */ = {
			isa = PBXSourcesBuildPhase;
			buildActionMask = 2147483647;
			files = (
				C20F039328371D8500CE4E9B /* ViewController.swift in Sources */,
				C20F038F28371D8500CE4E9B /* AppDelegate.swift in Sources */,
				C20F039128371D8500CE4E9B /* SceneDelegate.swift in Sources */,
				C20F039928371D8500CE4E9B /* CoreDataThings.xcdatamodeld in Sources */,
			);
			runOnlyForDeploymentPostprocessing = 0;
		};
		C20F03A028371D8600CE4E9B /* Sources */ = {
			isa = PBXSourcesBuildPhase;
			buildActionMask = 2147483647;
			files = (
				C20F03A928371D8600CE4E9B /* CoreDataThingsTests.swift in Sources */,
			);
			runOnlyForDeploymentPostprocessing = 0;
		};
		C20F03AA28371D8600CE4E9B /* Sources */ = {
			isa = PBXSourcesBuildPhase;
			buildActionMask = 2147483647;
			files = (
				C20F03B528371D8600CE4E9B /* CoreDataThingsUITestsLaunchTests.swift in Sources */,
				C20F03B328371D8600CE4E9B /* CoreDataThingsUITests.swift in Sources */,
			);
			runOnlyForDeploymentPostprocessing = 0;
		};
/* End PBXSourcesBuildPhase section */

/* Begin PBXTargetDependency section */
		C20F03A628371D8600CE4E9B /* PBXTargetDependency */ = {
			isa = PBXTargetDependency;
			target = C20F038A28371D8500CE4E9B /* CoreDataThings */;
			targetProxy = C20F03A528371D8600CE4E9B /* PBXContainerItemProxy */;
		};
		C20F03B028371D8600CE4E9B /* PBXTargetDependency */ = {
			isa = PBXTargetDependency;
			target = C20F038A28371D8500CE4E9B /* CoreDataThings */;
			targetProxy = C20F03AF28371D8600CE4E9B /* PBXContainerItemProxy */;
		};
/* End PBXTargetDependency section */

/* Begin PBXVariantGroup section */
		C20F039428371D8500CE4E9B /* Main.storyboard */ = {
			isa = PBXVariantGroup;
			children = (
				C20F039528371D8500CE4E9B /* Base */,
			);
			name = Main.storyboard;
			sourceTree = "<group>";
		};
		C20F039C28371D8600CE4E9B /* LaunchScreen.storyboard */ = {
			isa = PBXVariantGroup;
			children = (
				C20F039D28371D8600CE4E9B /* Base */,
			);
			name = LaunchScreen.storyboard;
			sourceTree = "<group>";
		};
/* End PBXVariantGroup section */

/* Begin XCBuildConfiguration section */
		C20F03B628371D8600CE4E9B /* Debug */ = {
			isa = XCBuildConfiguration;
			buildSettings = {
				ALWAYS_SEARCH_USER_PATHS = NO;
				CLANG_ANALYZER_NONNULL = YES;
				CLANG_ANALYZER_NUMBER_OBJECT_CONVERSION = YES_AGGRESSIVE;
				CLANG_CXX_LANGUAGE_STANDARD = "gnu++17";
				CLANG_ENABLE_MODULES = YES;
				CLANG_ENABLE_OBJC_ARC = YES;
				CLANG_ENABLE_OBJC_WEAK = YES;
				CLANG_WARN_BLOCK_CAPTURE_AUTORELEASING = YES;
				CLANG_WARN_BOOL_CONVERSION = YES;
				CLANG_WARN_COMMA = YES;
				CLANG_WARN_CONSTANT_CONVERSION = YES;
				CLANG_WARN_DEPRECATED_OBJC_IMPLEMENTATIONS = YES;
				CLANG_WARN_DIRECT_OBJC_ISA_USAGE = YES_ERROR;
				CLANG_WARN_DOCUMENTATION_COMMENTS = YES;
				CLANG_WARN_EMPTY_BODY = YES;
				CLANG_WARN_ENUM_CONVERSION = YES;
				CLANG_WARN_INFINITE_RECURSION = YES;
				CLANG_WARN_INT_CONVERSION = YES;
				CLANG_WARN_NON_LITERAL_NULL_CONVERSION = YES;
				CLANG_WARN_OBJC_IMPLICIT_RETAIN_SELF = YES;
				CLANG_WARN_OBJC_LITERAL_CONVERSION = YES;
				CLANG_WARN_OBJC_ROOT_CLASS = YES_ERROR;
				CLANG_WARN_QUOTED_INCLUDE_IN_FRAMEWORK_HEADER = YES;
				CLANG_WARN_RANGE_LOOP_ANALYSIS = YES;
				CLANG_WARN_STRICT_PROTOTYPES = YES;
				CLANG_WARN_SUSPICIOUS_MOVE = YES;
				CLANG_WARN_UNGUARDED_AVAILABILITY = YES_AGGRESSIVE;
				CLANG_WARN_UNREACHABLE_CODE = YES;
				CLANG_WARN__DUPLICATE_METHOD_MATCH = YES;
				COPY_PHASE_STRIP = NO;
				DEBUG_INFORMATION_FORMAT = dwarf;
				ENABLE_STRICT_OBJC_MSGSEND = YES;
				ENABLE_TESTABILITY = YES;
				GCC_C_LANGUAGE_STANDARD = gnu11;
				GCC_DYNAMIC_NO_PIC = NO;
				GCC_NO_COMMON_BLOCKS = YES;
				GCC_OPTIMIZATION_LEVEL = 0;
				GCC_PREPROCESSOR_DEFINITIONS = (
					"DEBUG=1",
					"$(inherited)",
				);
				GCC_WARN_64_TO_32_BIT_CONVERSION = YES;
				GCC_WARN_ABOUT_RETURN_TYPE = YES_ERROR;
				GCC_WARN_UNDECLARED_SELECTOR = YES;
				GCC_WARN_UNINITIALIZED_AUTOS = YES_AGGRESSIVE;
				GCC_WARN_UNUSED_FUNCTION = YES;
				GCC_WARN_UNUSED_VARIABLE = YES;
				IPHONEOS_DEPLOYMENT_TARGET = 15.4;
				MTL_ENABLE_DEBUG_INFO = INCLUDE_SOURCE;
				MTL_FAST_MATH = YES;
				ONLY_ACTIVE_ARCH = YES;
				SDKROOT = iphoneos;
				SWIFT_ACTIVE_COMPILATION_CONDITIONS = DEBUG;
				SWIFT_OPTIMIZATION_LEVEL = "-Onone";
			};
			name = Debug;
		};
		C20F03B728371D8600CE4E9B /* Release */ = {
			isa = XCBuildConfiguration;
			buildSettings = {
				ALWAYS_SEARCH_USER_PATHS = NO;
				CLANG_ANALYZER_NONNULL = YES;
				CLANG_ANALYZER_NUMBER_OBJECT_CONVERSION = YES_AGGRESSIVE;
				CLANG_CXX_LANGUAGE_STANDARD = "gnu++17";
				CLANG_ENABLE_MODULES = YES;
				CLANG_ENABLE_OBJC_ARC = YES;
				CLANG_ENABLE_OBJC_WEAK = YES;
				CLANG_WARN_BLOCK_CAPTURE_AUTORELEASING = YES;
				CLANG_WARN_BOOL_CONVERSION = YES;
				CLANG_WARN_COMMA = YES;
				CLANG_WARN_CONSTANT_CONVERSION = YES;
				CLANG_WARN_DEPRECATED_OBJC_IMPLEMENTATIONS = YES;
				CLANG_WARN_DIRECT_OBJC_ISA_USAGE = YES_ERROR;
				CLANG_WARN_DOCUMENTATION_COMMENTS = YES;
				CLANG_WARN_EMPTY_BODY = YES;
				CLANG_WARN_ENUM_CONVERSION = YES;
				CLANG_WARN_INFINITE_RECURSION = YES;
				CLANG_WARN_INT_CONVERSION = YES;
				CLANG_WARN_NON_LITERAL_NULL_CONVERSION = YES;
				CLANG_WARN_OBJC_IMPLICIT_RETAIN_SELF = YES;
				CLANG_WARN_OBJC_LITERAL_CONVERSION = YES;
				CLANG_WARN_OBJC_ROOT_CLASS = YES_ERROR;
				CLANG_WARN_QUOTED_INCLUDE_IN_FRAMEWORK_HEADER = YES;
				CLANG_WARN_RANGE_LOOP_ANALYSIS = YES;
				CLANG_WARN_STRICT_PROTOTYPES = YES;
				CLANG_WARN_SUSPICIOUS_MOVE = YES;
				CLANG_WARN_UNGUARDED_AVAILABILITY = YES_AGGRESSIVE;
				CLANG_WARN_UNREACHABLE_CODE = YES;
				CLANG_WARN__DUPLICATE_METHOD_MATCH = YES;
				COPY_PHASE_STRIP = NO;
				DEBUG_INFORMATION_FORMAT = "dwarf-with-dsym";
				ENABLE_NS_ASSERTIONS = NO;
				ENABLE_STRICT_OBJC_MSGSEND = YES;
				GCC_C_LANGUAGE_STANDARD = gnu11;
				GCC_NO_COMMON_BLOCKS = YES;
				GCC_WARN_64_TO_32_BIT_CONVERSION = YES;
				GCC_WARN_ABOUT_RETURN_TYPE = YES_ERROR;
				GCC_WARN_UNDECLARED_SELECTOR = YES;
				GCC_WARN_UNINITIALIZED_AUTOS = YES_AGGRESSIVE;
				GCC_WARN_UNUSED_FUNCTION = YES;
				GCC_WARN_UNUSED_VARIABLE = YES;
				IPHONEOS_DEPLOYMENT_TARGET = 15.4;
				MTL_ENABLE_DEBUG_INFO = NO;
				MTL_FAST_MATH = YES;
				SDKROOT = iphoneos;
				SWIFT_COMPILATION_MODE = wholemodule;
				SWIFT_OPTIMIZATION_LEVEL = "-O";
				VALIDATE_PRODUCT = YES;
			};
			name = Release;
		};
		C20F03B928371D8600CE4E9B /* Debug */ = {
			isa = XCBuildConfiguration;
			buildSettings = {
				ASSETCATALOG_COMPILER_APPICON_NAME = AppIcon;
				ASSETCATALOG_COMPILER_GLOBAL_ACCENT_COLOR_NAME = AccentColor;
				CODE_SIGN_STYLE = Automatic;
				CURRENT_PROJECT_VERSION = 1;
				DEVELOPMENT_TEAM = H2MF6LA832;
				GENERATE_INFOPLIST_FILE = YES;
				INFOPLIST_FILE = CoreDataThings/Info.plist;
				INFOPLIST_KEY_UIApplicationSupportsIndirectInputEvents = YES;
				INFOPLIST_KEY_UILaunchStoryboardName = LaunchScreen;
				INFOPLIST_KEY_UIMainStoryboardFile = Main;
				INFOPLIST_KEY_UISupportedInterfaceOrientations_iPad = "UIInterfaceOrientationPortrait UIInterfaceOrientationPortraitUpsideDown UIInterfaceOrientationLandscapeLeft UIInterfaceOrientationLandscapeRight";
				INFOPLIST_KEY_UISupportedInterfaceOrientations_iPhone = "UIInterfaceOrientationPortrait UIInterfaceOrientationLandscapeLeft UIInterfaceOrientationLandscapeRight";
				LD_RUNPATH_SEARCH_PATHS = (
					"$(inherited)",
					"@executable_path/Frameworks",
				);
				MARKETING_VERSION = 1.0;
				PRODUCT_BUNDLE_IDENTIFIER = com.justinbengtson.CoreDataThings;
				PRODUCT_NAME = "$(TARGET_NAME)";
				SWIFT_EMIT_LOC_STRINGS = YES;
				SWIFT_VERSION = 5.0;
				TARGETED_DEVICE_FAMILY = "1,2";
			};
			name = Debug;
		};
		C20F03BA28371D8600CE4E9B /* Release */ = {
			isa = XCBuildConfiguration;
			buildSettings = {
				ASSETCATALOG_COMPILER_APPICON_NAME = AppIcon;
				ASSETCATALOG_COMPILER_GLOBAL_ACCENT_COLOR_NAME = AccentColor;
				CODE_SIGN_STYLE = Automatic;
				CURRENT_PROJECT_VERSION = 1;
				DEVELOPMENT_TEAM = H2MF6LA832;
				GENERATE_INFOPLIST_FILE = YES;
				INFOPLIST_FILE = CoreDataThings/Info.plist;
				INFOPLIST_KEY_UIApplicationSupportsIndirectInputEvents = YES;
				INFOPLIST_KEY_UILaunchStoryboardName = LaunchScreen;
				INFOPLIST_KEY_UIMainStoryboardFile = Main;
				INFOPLIST_KEY_UISupportedInterfaceOrientations_iPad = "UIInterfaceOrientationPortrait UIInterfaceOrientationPortraitUpsideDown UIInterfaceOrientationLandscapeLeft UIInterfaceOrientationLandscapeRight";
				INFOPLIST_KEY_UISupportedInterfaceOrientations_iPhone = "UIInterfaceOrientationPortrait UIInterfaceOrientationLandscapeLeft UIInterfaceOrientationLandscapeRight";
				LD_RUNPATH_SEARCH_PATHS = (
					"$(inherited)",
					"@executable_path/Frameworks",
				);
				MARKETING_VERSION = 1.0;
				PRODUCT_BUNDLE_IDENTIFIER = com.justinbengtson.CoreDataThings;
				PRODUCT_NAME = "$(TARGET_NAME)";
				SWIFT_EMIT_LOC_STRINGS = YES;
				SWIFT_VERSION = 5.0;
				TARGETED_DEVICE_FAMILY = "1,2";
			};
			name = Release;
		};
		C20F03BC28371D8600CE4E9B /* Debug */ = {
			isa = XCBuildConfiguration;
			buildSettings = {
				ALWAYS_EMBED_SWIFT_STANDARD_LIBRARIES = YES;
				BUNDLE_LOADER = "$(TEST_HOST)";
				CODE_SIGN_STYLE = Automatic;
				CURRENT_PROJECT_VERSION = 1;
				DEVELOPMENT_TEAM = H2MF6LA832;
				GENERATE_INFOPLIST_FILE = YES;
				IPHONEOS_DEPLOYMENT_TARGET = 15.4;
				MARKETING_VERSION = 1.0;
				PRODUCT_BUNDLE_IDENTIFIER = com.justinbengtson.CoreDataThingsTests;
				PRODUCT_NAME = "$(TARGET_NAME)";
				SWIFT_EMIT_LOC_STRINGS = NO;
				SWIFT_VERSION = 5.0;
				TARGETED_DEVICE_FAMILY = "1,2";
				TEST_HOST = "$(BUILT_PRODUCTS_DIR)/CoreDataThings.app/CoreDataThings";
			};
			name = Debug;
		};
		C20F03BD28371D8600CE4E9B /* Release */ = {
			isa = XCBuildConfiguration;
			buildSettings = {
				ALWAYS_EMBED_SWIFT_STANDARD_LIBRARIES = YES;
				BUNDLE_LOADER = "$(TEST_HOST)";
				CODE_SIGN_STYLE = Automatic;
				CURRENT_PROJECT_VERSION = 1;
				DEVELOPMENT_TEAM = H2MF6LA832;
				GENERATE_INFOPLIST_FILE = YES;
				IPHONEOS_DEPLOYMENT_TARGET = 15.4;
				MARKETING_VERSION = 1.0;
				PRODUCT_BUNDLE_IDENTIFIER = com.justinbengtson.CoreDataThingsTests;
				PRODUCT_NAME = "$(TARGET_NAME)";
				SWIFT_EMIT_LOC_STRINGS = NO;
				SWIFT_VERSION = 5.0;
				TARGETED_DEVICE_FAMILY = "1,2";
				TEST_HOST = "$(BUILT_PRODUCTS_DIR)/CoreDataThings.app/CoreDataThings";
			};
			name = Release;
		};
		C20F03BF28371D8600CE4E9B /* Debug */ = {
			isa = XCBuildConfiguration;
			buildSettings = {
				ALWAYS_EMBED_SWIFT_STANDARD_LIBRARIES = YES;
				CODE_SIGN_STYLE = Automatic;
				CURRENT_PROJECT_VERSION = 1;
				DEVELOPMENT_TEAM = H2MF6LA832;
				GENERATE_INFOPLIST_FILE = YES;
				MARKETING_VERSION = 1.0;
				PRODUCT_BUNDLE_IDENTIFIER = com.justinbengtson.CoreDataThingsUITests;
				PRODUCT_NAME = "$(TARGET_NAME)";
				SWIFT_EMIT_LOC_STRINGS = NO;
				SWIFT_VERSION = 5.0;
				TARGETED_DEVICE_FAMILY = "1,2";
				TEST_TARGET_NAME = CoreDataThings;
			};
			name = Debug;
		};
		C20F03C028371D8600CE4E9B /* Release */ = {
			isa = XCBuildConfiguration;
			buildSettings = {
				ALWAYS_EMBED_SWIFT_STANDARD_LIBRARIES = YES;
				CODE_SIGN_STYLE = Automatic;
				CURRENT_PROJECT_VERSION = 1;
				DEVELOPMENT_TEAM = H2MF6LA832;
				GENERATE_INFOPLIST_FILE = YES;
				MARKETING_VERSION = 1.0;
				PRODUCT_BUNDLE_IDENTIFIER = com.justinbengtson.CoreDataThingsUITests;
				PRODUCT_NAME = "$(TARGET_NAME)";
				SWIFT_EMIT_LOC_STRINGS = NO;
				SWIFT_VERSION = 5.0;
				TARGETED_DEVICE_FAMILY = "1,2";
				TEST_TARGET_NAME = CoreDataThings;
			};
			name = Release;
		};
/* End XCBuildConfiguration section */

/* Begin XCConfigurationList section */
		C20F038628371D8500CE4E9B /* Build configuration list for PBXProject "CoreDataThings" */ = {
			isa = XCConfigurationList;
			buildConfigurations = (
				C20F03B628371D8600CE4E9B /* Debug */,
				C20F03B728371D8600CE4E9B /* Release */,
			);
			defaultConfigurationIsVisible = 0;
			defaultConfigurationName = Release;
		};
		C20F03B828371D8600CE4E9B /* Build configuration list for PBXNativeTarget "CoreDataThings" */ = {
			isa = XCConfigurationList;
			buildConfigurations = (
				C20F03B928371D8600CE4E9B /* Debug */,
				C20F03BA28371D8600CE4E9B /* Release */,
			);
			defaultConfigurationIsVisible = 0;
			defaultConfigurationName = Release;
		};
		C20F03BB28371D8600CE4E9B /* Build configuration list for PBXNativeTarget "CoreDataThingsTests" */ = {
			isa = XCConfigurationList;
			buildConfigurations = (
				C20F03BC28371D8600CE4E9B /* Debug */,
				C20F03BD28371D8600CE4E9B /* Release */,
			);
			defaultConfigurationIsVisible = 0;
			defaultConfigurationName = Release;
		};
		C20F03BE28371D8600CE4E9B /* Build configuration list for PBXNativeTarget "CoreDataThingsUITests" */ = {
			isa = XCConfigurationList;
			buildConfigurations = (
				C20F03BF28371D8600CE4E9B /* Debug */,
				C20F03C028371D8600CE4E9B /* Release */,
			);
			defaultConfigurationIsVisible = 0;
			defaultConfigurationName = Release;
		};
/* End XCConfigurationList section */

/* Begin XCVersionGroup section */
		C20F039728371D8500CE4E9B /* CoreDataThings.xcdatamodeld */ = {
			isa = XCVersionGroup;
			children = (
				C20F039828371D8500CE4E9B /* CoreDataThings.xcdatamodel */,
			);
			currentVersion = C20F039828371D8500CE4E9B /* CoreDataThings.xcdatamodel */;
			path = CoreDataThings.xcdatamodeld;
			sourceTree = "<group>";
			versionGroupType = wrapper.xcdatamodel;
		};
/* End XCVersionGroup section */
	};
	rootObject = C20F038328371D8500CE4E9B /* Project object */;
}
